Microsoft Visual Studio Solution File, Format Version 12.00
# Visual Studio Version 17
VisualStudioVersion = 17.5.2.0
MinimumVisualStudioVersion = 10.0.40219.1
Project("{FAE04EC0-301F-11D3-BF4B-00C04F79EFBC}") = "UniteDrafter", "UniteDrafter.csproj", "{6CAA1F4E-684B-8A85-ED09-0F3EE7C21AC6}"
EndProject
Global
	GlobalSection(SolutionConfigurationPlatforms) = preSolution
		Debug|Any CPU = Debug|Any CPU
		Release|Any CPU = Release|Any CPU
	EndGlobalSection
	GlobalSection(ProjectConfigurationPlatforms) = postSolution
		{6CAA1F4E-684B-8A85-ED09-0F3EE7C21AC6}.Debug|Any CPU.ActiveCfg = Debug|Any CPU
		{6CAA1F4E-684B-8A85-ED09-0F3EE7C21AC6}.Debug|Any CPU.Build.0 = Debug|Any CPU
		{6CAA1F4E-684B-8A85-ED09-0F3EE7C21AC6}.Release|Any CPU.ActiveCfg = Release|Any CPU
		{6CAA1F4E-684B-8A85-ED09-0F3EE7C21AC6}.Release|Any CPU.Build.0 = Release|Any CPU
	EndGlobalSection
	GlobalSection(SolutionProperties) = preSolution
		HideSolutionNode = FALSE
	EndGlobalSection
	GlobalSection(ExtensibilityGlobals) = postSolution
		SolutionGuid = {93EF6A06-43D0-4EB9-9DEB-4F661A4B9697}
	EndGlobalSection
EndGlobal
